
Microsoft Visual Studio Solution File, Format Version 12.00
# Visual Studio 15
VisualStudioVersion = 15.0.28307.539
MinimumVisualStudioVersion = 10.0.40219.1
Project("{FAE04EC0-301F-11D3-BF4B-00C04F79EFBC}") = "Chess", "Chess\Chess.csproj", "{00FA4037-F585-4138-97FB-2876AA7525A5}"
EndProject
Global
	GlobalSection(SolutionConfigurationPlatforms) = preSolution
		Debug|Any CPU = Debug|Any CPU
		Release|Any CPU = Release|Any CPU
	EndGlobalSection
	GlobalSection(ProjectConfigurationPlatforms) = postSolution
		{00FA4037-F585-4138-97FB-2876AA7525A5}.Debug|Any CPU.ActiveCfg = Debug|Any CPU
		{00FA4037-F585-4138-97FB-2876AA7525A5}.Debug|Any CPU.Build.0 = Debug|Any CPU
		{00FA4037-F585-4138-97FB-2876AA7525A5}.Release|Any CPU.ActiveCfg = Release|Any CPU
		{00FA4037-F585-4138-97FB-2876AA7525A5}.Release|Any CPU.Build.0 = Release|Any CPU
	EndGlobalSection
	GlobalSection(SolutionProperties) = preSolution
		HideSolutionNode = FALSE
	EndGlobalSection
	GlobalSection(ExtensibilityGlobals) = postSolution
		SolutionGuid = {77DCADBB-7121-4741-94D9-23D2FA7B719A}
	EndGlobalSection
EndGlobal
